
Microsoft Visual Studio Solution File, Format Version 12.00
# Visual Studio Version 17
VisualStudioVersion = 17.10.35013.160
MinimumVisualStudioVersion = 10.0.40219.1
Project("{FAE04EC0-301F-11D3-BF4B-00C04F79EFBC}") = "WhiteLagoon.Web", "WhiteLagoon.Web\WhiteLagoon.Web.csproj", "{7562BF0E-9483-4471-887F-2F28B4C10B77}"
EndProject
Global
	GlobalSection(SolutionConfigurationPlatforms) = preSolution
		Debug|Any CPU = Debug|Any CPU
		Release|Any CPU = Release|Any CPU
	EndGlobalSection
	GlobalSection(ProjectConfigurationPlatforms) = postSolution
		{7562BF0E-9483-4471-887F-2F28B4C10B77}.Debug|Any CPU.ActiveCfg = Debug|Any CPU
		{7562BF0E-9483-4471-887F-2F28B4C10B77}.Debug|Any CPU.Build.0 = Debug|Any CPU
		{7562BF0E-9483-4471-887F-2F28B4C10B77}.Release|Any CPU.ActiveCfg = Release|Any CPU
		{7562BF0E-9483-4471-887F-2F28B4C10B77}.Release|Any CPU.Build.0 = Release|Any CPU
	EndGlobalSection
	GlobalSection(SolutionProperties) = preSolution
		HideSolutionNode = FALSE
	EndGlobalSection
	GlobalSection(ExtensibilityGlobals) = postSolution
		SolutionGuid = {073DBCBC-1229-4F16-A824-C1D63A5AA04C}
	EndGlobalSection
EndGlobal
